// !$*UTF8*$!
{
	archiveVersion = 1;
	classes = {
	};
	objectVersion = 50;
	objects = {

/* Begin PBXBuildFile section */
		464CCFD62135ADA900E7FF73 /* AppDelegate.swift in Sources */ = {isa = PBXBuildFile; fileRef = 464CCFD52135ADA900E7FF73 /* AppDelegate.swift */; };
		464CCFD82135ADA900E7FF73 /* ViewController.swift in Sources */ = {isa = PBXBuildFile; fileRef = 464CCFD72135ADA900E7FF73 /* ViewController.swift */; };
		464CCFDB2135ADA900E7FF73 /* Main.storyboard in Resources */ = {isa = PBXBuildFile; fileRef = 464CCFD92135ADA900E7FF73 /* Main.storyboard */; };
		464CCFDD2135ADAA00E7FF73 /* Assets.xcassets in Resources */ = {isa = PBXBuildFile; fileRef = 464CCFDC2135ADAA00E7FF73 /* Assets.xcassets */; };
		464CCFE02135ADAA00E7FF73 /* LaunchScreen.storyboard in Resources */ = {isa = PBXBuildFile; fileRef = 464CCFDE2135ADAA00E7FF73 /* LaunchScreen.storyboard */; };
/* End PBXBuildFile section */

/* Begin PBXFileReference section */
		464CCFD22135ADA900E7FF73 /* EightBall.app */ = {isa = PBXFileReference; explicitFileType = wrapper.application; includeInIndex = 0; path = EightBall.app; sourceTree = BUILT_PRODUCTS_DIR; };
		464CCFD52135ADA900E7FF73 /* AppDelegate.swift */ = {isa = PBXFileReference; lastKnownFileType = sourcecode.swift; path = AppDelegate.swift; sourceTree = "<group>"; };
		464CCFD72135ADA900E7FF73 /* ViewController.swift */ = {isa = PBXFileReference; lastKnownFileType = sourcecode.swift; path = ViewController.swift; sourceTree = "<group>"; };
		464CCFDA2135ADA900E7FF73 /* Base */ = {isa = PBXFileReference; lastKnownFileType = file.storyboard; name = Base; path = Base.lproj/Main.storyboard; sourceTree = "<group>"; };
		464CCFDC2135ADAA00E7FF73 /* Assets.xcassets */ = {isa = PBXFileReference; lastKnownFileType = folder.assetcatalog; path = Assets.xcassets; sourceTree = "<group>"; };
		464CCFDF2135ADAA00E7FF73 /* Base */ = {isa = PBXFileReference; lastKnownFileType = file.storyboard; name = Base; path = Base.lproj/LaunchScreen.storyboard; sourceTree = "<group>"; };
		464CCFE12135ADAA00E7FF73 /* Info.plist */ = {isa = PBXFileReference; lastKnownFileType = text.plist.xml; path = Info.plist; sourceTree = "<group>"; };
/* End PBXFileReference section */

/* Begin PBXFrameworksBuildPhase section */
		464CCFCF2135ADA900E7FF73 /* Frameworks */ = {
			isa = PBXFrameworksBuildPhase;
			buildActionMask = 2147483647;
			files = (
			);
			runOnlyForDeploymentPostprocessing = 0;
		};
/* End PBXFrameworksBuildPhase section */

/* Begin PBXGroup section */
		464CCFC92135ADA900E7FF73 = {
			isa = PBXGroup;
			children = (
				464CCFD42135ADA900E7FF73 /* EightBall */,
				464CCFD32135ADA900E7FF73 /* Products */,
			);
			sourceTree = "<group>";
		};
		464CCFD32135ADA900E7FF73 /* Products */ = {
			isa = PBXGroup;
			children = (
				464CCFD22135ADA900E7FF73 /* EightBall.app */,
			);
			name = Products;
			sourceTree = "<group>";
		};
		464CCFD42135ADA900E7FF73 /* EightBall */ = {
			isa = PBXGroup;
			children = (
				464CCFD52135ADA900E7FF73 /* AppDelegate.swift */,
				464CCFD72135ADA900E7FF73 /* ViewController.swift */,
				464CCFD92135ADA900E7FF73 /* Main.storyboard */,
				464CCFDC2135ADAA00E7FF73 /* Assets.xcassets */,
				464CCFDE2135ADAA00E7FF73 /* LaunchScreen.storyboard */,
				464CCFE12135ADAA00E7FF73 /* Info.plist */,
			);
			path = EightBall;
			sourceTree = "<group>";
		};
/* End PBXGroup section */

/* Begin PBXNativeTarget section */
		464CCFD12135ADA900E7FF73 /* EightBall */ = {
			isa = PBXNativeTarget;
			buildConfigurationList = 464CCFE42135ADAA00E7FF73 /* Build configuration list for PBXNativeTarget "EightBall" */;
			buildPhases = (
				464CCFCE2135ADA900E7FF73 /* Sources */,
				464CCFCF2135ADA900E7FF73 /* Frameworks */,
				464CCFD02135ADA900E7FF73 /* Resources */,
			);
			buildRules = (
			);
			dependencies = (
			);
			name = EightBall;
			productName = EightBall;
			productReference = 464CCFD22135ADA900E7FF73 /* EightBall.app */;
			productType = "com.apple.product-type.application";
		};
/* End PBXNativeTarget section */

/* Begin PBXProject section */
		464CCFCA2135ADA900E7FF73 /* Project object */ = {
			isa = PBXProject;
			attributes = {
				LastSwiftUpdateCheck = 0940;
				LastUpgradeCheck = 0940;
				ORGANIZATIONNAME = "Lambda School";
				TargetAttributes = {
					464CCFD12135ADA900E7FF73 = {
						CreatedOnToolsVersion = 9.4.1;
					};
				};
			};
			buildConfigurationList = 464CCFCD2135ADA900E7FF73 /* Build configuration list for PBXProject "EightBall" */;
			compatibilityVersion = "Xcode 9.3";
			developmentRegion = en;
			hasScannedForEncodings = 0;
			knownRegions = (
				en,
				Base,
			);
			mainGroup = 464CCFC92135ADA900E7FF73;
			productRefGroup = 464CCFD32135ADA900E7FF73 /* Products */;
			projectDirPath = "";
			projectRoot = "";
			targets = (
				464CCFD12135ADA900E7FF73 /* EightBall */,
			);
		};
/* End PBXProject section */

/* Begin PBXResourcesBuildPhase section */
		464CCFD02135ADA900E7FF73 /* Resources */ = {
			isa = PBXResourcesBuildPhase;
			buildActionMask = 2147483647;
			files = (
				464CCFE02135ADAA00E7FF73 /* LaunchScreen.storyboard in Resources */,
				464CCFDD2135ADAA00E7FF73 /* Assets.xcassets in Resources */,
				464CCFDB2135ADA900E7FF73 /* Main.storyboard in Resources */,
			);
			runOnlyForDeploymentPostprocessing = 0;
		};
/* End PBXResourcesBuildPhase section */

/* Begin PBXSourcesBuildPhase section */
		464CCFCE2135ADA900E7FF73 /* Sources */ = {
			isa = PBXSourcesBuildPhase;
			buildActionMask = 2147483647;
			files = (
				464CCFD82135ADA900E7FF73 /* ViewController.swift in Sources */,
				464CCFD62135ADA900E7FF73 /* AppDelegate.swift in Sources */,
			);
			runOnlyForDeploymentPostprocessing = 0;
		};
/* End PBXSourcesBuildPhase section */

/* Begin PBXVariantGroup section */
		464CCFD92135ADA900E7FF73 /* Main.storyboard */ = {
			isa = PBXVariantGroup;
			children = (
				464CCFDA2135ADA900E7FF73 /* Base */,
			);
			name = Main.storyboard;
			sourceTree = "<group>";
		};
		464CCFDE2135ADAA00E7FF73 /* LaunchScreen.storyboard */ = {
			isa = PBXVariantGroup;
			children = (
				464CCFDF2135ADAA00E7FF73 /* Base */,
			);
			name = LaunchScreen.storyboard;
			sourceTree = "<group>";
		};
/* End PBXVariantGroup section */

/* Begin XCBuildConfiguration section */
		464CCFE22135ADAA00E7FF73 /* Debug */ = {
			isa = XCBuildConfiguration;
			buildSettings = {
				ALWAYS_SEARCH_USER_PATHS = NO;
				CLANG_ANALYZER_NONNULL = YES;
				CLANG_ANALYZER_NUMBER_OBJECT_CONVERSION = YES_AGGRESSIVE;
				CLANG_CXX_LANGUAGE_STANDARD = "gnu++14";
				CLANG_CXX_LIBRARY = "libc++";
				CLANG_ENABLE_MODULES = YES;
				CLANG_ENABLE_OBJC_ARC = YES;
				CLANG_ENABLE_OBJC_WEAK = YES;
				CLANG_WARN_BLOCK_CAPTURE_AUTORELEASING = YES;
				CLANG_WARN_BOOL_CONVERSION = YES;
				CLANG_WARN_COMMA = YES;
				CLANG_WARN_CONSTANT_CONVERSION = YES;
				CLANG_WARN_DEPRECATED_OBJC_IMPLEMENTATIONS = YES;
				CLANG_WARN_DIRECT_OBJC_ISA_USAGE = YES_ERROR;
				CLANG_WARN_DOCUMENTATION_COMMENTS = YES;
				CLANG_WARN_EMPTY_BODY = YES;
				CLANG_WARN_ENUM_CONVERSION = YES;
				CLANG_WARN_INFINITE_RECURSION = YES;
				CLANG_WARN_INT_CONVERSION = YES;
				CLANG_WARN_NON_LITERAL_NULL_CONVERSION = YES;
				CLANG_WARN_OBJC_IMPLICIT_RETAIN_SELF = YES;
				CLANG_WARN_OBJC_LITERAL_CONVERSION = YES;
				CLANG_WARN_OBJC_ROOT_CLASS = YES_ERROR;
				CLANG_WARN_RANGE_LOOP_ANALYSIS = YES;
				CLANG_WARN_STRICT_PROTOTYPES = YES;
				CLANG_WARN_SUSPICIOUS_MOVE = YES;
				CLANG_WARN_UNGUARDED_AVAILABILITY = YES_AGGRESSIVE;
				CLANG_WARN_UNREACHABLE_CODE = YES;
				CLANG_WARN__DUPLICATE_METHOD_MATCH = YES;
				CODE_SIGN_IDENTITY = "iPhone Developer";
				COPY_PHASE_STRIP = NO;
				DEBUG_INFORMATION_FORMAT = dwarf;
				ENABLE_STRICT_OBJC_MSGSEND = YES;
				ENABLE_TESTABILITY = YES;
				GCC_C_LANGUAGE_STANDARD = gnu11;
				GCC_DYNAMIC_NO_PIC = NO;
				GCC_NO_COMMON_BLOCKS = YES;
				GCC_OPTIMIZATION_LEVEL = 0;
				GCC_PREPROCESSOR_DEFINITIONS = (
					"DEBUG=1",
					"$(inherited)",
				);
				GCC_WARN_64_TO_32_BIT_CONVERSION = YES;
				GCC_WARN_ABOUT_RETURN_TYPE = YES_ERROR;
				GCC_WARN_UNDECLARED_SELECTOR = YES;
				GCC_WARN_UNINITIALIZED_AUTOS = YES_AGGRESSIVE;
				GCC_WARN_UNUSED_FUNCTION = YES;
				GCC_WARN_UNUSED_VARIABLE = YES;
				IPHONEOS_DEPLOYMENT_TARGET = 11.4;
				MTL_ENABLE_DEBUG_INFO = YES;
				ONLY_ACTIVE_ARCH = YES;
				SDKROOT = iphoneos;
				SWIFT_ACTIVE_COMPILATION_CONDITIONS = DEBUG;
				SWIFT_OPTIMIZATION_LEVEL = "-Onone";
			};
			name = Debug;
		};
		464CCFE32135ADAA00E7FF73 /* Release */ = {
			isa = XCBuildConfiguration;
			buildSettings = {
				ALWAYS_SEARCH_USER_PATHS = NO;
				CLANG_ANALYZER_NONNULL = YES;
				CLANG_ANALYZER_NUMBER_OBJECT_CONVERSION = YES_AGGRESSIVE;
				CLANG_CXX_LANGUAGE_STANDARD = "gnu++14";
				CLANG_CXX_LIBRARY = "libc++";
				CLANG_ENABLE_MODULES = YES;
				CLANG_ENABLE_OBJC_ARC = YES;
				CLANG_ENABLE_OBJC_WEAK = YES;
				CLANG_WARN_BLOCK_CAPTURE_AUTORELEASING = YES;
				CLANG_WARN_BOOL_CONVERSION = YES;
				CLANG_WARN_COMMA = YES;
				CLANG_WARN_CONSTANT_CONVERSION = YES;
				CLANG_WARN_DEPRECATED_OBJC_IMPLEMENTATIONS = YES;
				CLANG_WARN_DIRECT_OBJC_ISA_USAGE = YES_ERROR;
				CLANG_WARN_DOCUMENTATION_COMMENTS = YES;
				CLANG_WARN_EMPTY_BODY = YES;
				CLANG_WARN_ENUM_CONVERSION = YES;
				CLANG_WARN_INFINITE_RECURSION = YES;
				CLANG_WARN_INT_CONVERSION = YES;
				CLANG_WARN_NON_LITERAL_NULL_CONVERSION = YES;
				CLANG_WARN_OBJC_IMPLICIT_RETAIN_SELF = YES;
				CLANG_WARN_OBJC_LITERAL_CONVERSION = YES;
				CLANG_WARN_OBJC_ROOT_CLASS = YES_ERROR;
				CLANG_WARN_RANGE_LOOP_ANALYSIS = YES;
				CLANG_WARN_STRICT_PROTOTYPES = YES;
				CLANG_WARN_SUSPICIOUS_MOVE = YES;
				CLANG_WARN_UNGUARDED_AVAILABILITY = YES_AGGRESSIVE;
				CLANG_WARN_UNREACHABLE_CODE = YES;
				CLANG_WARN__DUPLICATE_METHOD_MATCH = YES;
				CODE_SIGN_IDENTITY = "iPhone Developer";
				COPY_PHASE_STRIP = NO;
				DEBUG_INFORMATION_FORMAT = "dwarf-with-dsym";
				ENABLE_NS_ASSERTIONS = NO;
				ENABLE_STRICT_OBJC_MSGSEND = YES;
				GCC_C_LANGUAGE_STANDARD = gnu11;
				GCC_NO_COMMON_BLOCKS = YES;
				GCC_WARN_64_TO_32_BIT_CONVERSION = YES;
				GCC_WARN_ABOUT_RETURN_TYPE = YES_ERROR;
				GCC_WARN_UNDECLARED_SELECTOR = YES;
				GCC_WARN_UNINITIALIZED_AUTOS = YES_AGGRESSIVE;
				GCC_WARN_UNUSED_FUNCTION = YES;
				GCC_WARN_UNUSED_VARIABLE = YES;
				IPHONEOS_DEPLOYMENT_TARGET = 11.4;
				MTL_ENABLE_DEBUG_INFO = NO;
				SDKROOT = iphoneos;
				SWIFT_COMPILATION_MODE = wholemodule;
				SWIFT_OPTIMIZATION_LEVEL = "-O";
				VALIDATE_PRODUCT = YES;
			};
			name = Release;
		};
		464CCFE52135ADAA00E7FF73 /* Debug */ = {
			isa = XCBuildConfiguration;
			buildSettings = {
				ASSETCATALOG_COMPILER_APPICON_NAME = AppIcon;
				CODE_SIGN_STYLE = Automatic;
				DEVELOPMENT_TEAM = VXUQXR6S56;
				INFOPLIST_FILE = EightBall/Info.plist;
				LD_RUNPATH_SEARCH_PATHS = (
					"$(inherited)",
					"@executable_path/Frameworks",
				);
				PRODUCT_BUNDLE_IDENTIFIER = com.LambdaSchool.EightBall;
				PRODUCT_NAME = "$(TARGET_NAME)";
				SWIFT_VERSION = 4.0;
				TARGETED_DEVICE_FAMILY = "1,2";
			};
			name = Debug;
		};
		464CCFE62135ADAA00E7FF73 /* Release */ = {
			isa = XCBuildConfiguration;
			buildSettings = {
				ASSETCATALOG_COMPILER_APPICON_NAME = AppIcon;
				CODE_SIGN_STYLE = Automatic;
				DEVELOPMENT_TEAM = VXUQXR6S56;
				INFOPLIST_FILE = EightBall/Info.plist;
				LD_RUNPATH_SEARCH_PATHS = (
					"$(inherited)",
					"@executable_path/Frameworks",
				);
				PRODUCT_BUNDLE_IDENTIFIER = com.LambdaSchool.EightBall;
				PRODUCT_NAME = "$(TARGET_NAME)";
				SWIFT_VERSION = 4.0;
				TARGETED_DEVICE_FAMILY = "1,2";
			};
			name = Release;
		};
/* End XCBuildConfiguration section */

/* Begin XCConfigurationList section */
		464CCFCD2135ADA900E7FF73 /* Build configuration list for PBXProject "EightBall" */ = {
			isa = XCConfigurationList;
			buildConfigurations = (
				464CCFE22135ADAA00E7FF73 /* Debug */,
				464CCFE32135ADAA00E7FF73 /* Release */,
			);
			defaultConfigurationIsVisible = 0;
			defaultConfigurationName = Release;
		};
		464CCFE42135ADAA00E7FF73 /* Build configuration list for PBXNativeTarget "EightBall" */ = {
			isa = XCConfigurationList;
			buildConfigurations = (
				464CCFE52135ADAA00E7FF73 /* Debug */,
				464CCFE62135ADAA00E7FF73 /* Release */,
			);
			defaultConfigurationIsVisible = 0;
			defaultConfigurationName = Release;
		};
/* End XCConfigurationList section */
	};
	rootObject = 464CCFCA2135ADA900E7FF73 /* Project object */;
}
